
Microsoft Visual Studio Solution File, Format Version 12.00
# Visual Studio 15
VisualStudioVersion = 15.0.28307.1340
MinimumVisualStudioVersion = 10.0.40219.1
Project("{FAE04EC0-301F-11D3-BF4B-00C04F79EFBC}") = "Explicit", "Explicit\Explicit.csproj", "{4DE16E0F-A91A-41A6-8866-DBEC4741B706}"
EndProject
Global
	GlobalSection(SolutionConfigurationPlatforms) = preSolution
		Debug|Any CPU = Debug|Any CPU
		Release|Any CPU = Release|Any CPU
	EndGlobalSection
	GlobalSection(ProjectConfigurationPlatforms) = postSolution
		{4DE16E0F-A91A-41A6-8866-DBEC4741B706}.Debug|Any CPU.ActiveCfg = Debug|Any CPU
		{4DE16E0F-A91A-41A6-8866-DBEC4741B706}.Debug|Any CPU.Build.0 = Debug|Any CPU
		{4DE16E0F-A91A-41A6-8866-DBEC4741B706}.Release|Any CPU.ActiveCfg = Release|Any CPU
		{4DE16E0F-A91A-41A6-8866-DBEC4741B706}.Release|Any CPU.Build.0 = Release|Any CPU
	EndGlobalSection
	GlobalSection(SolutionProperties) = preSolution
		HideSolutionNode = FALSE
	EndGlobalSection
	GlobalSection(ExtensibilityGlobals) = postSolution
		SolutionGuid = {5268C3F3-9269-4514-BAEB-0DB00BC163C3}
	EndGlobalSection
EndGlobal
